
Microsoft Visual Studio Solution File, Format Version 11.00
# Visual Studio 2010
Project("{FAE04EC0-301F-11D3-BF4B-00C04F79EFBC}") = "Assembly-CSharp-firstpass", "Assembly-CSharp-firstpass.csproj", "{8832e0ff-ce94-2671-0137-939f861d790a}"
EndProject
Project("{FAE04EC0-301F-11D3-BF4B-00C04F79EFBC}") = "Assembly-CSharp", "Assembly-CSharp.csproj", "{5710c091-fab8-e35a-7f47-81c7cd7f3543}"
EndProject
Project("{FAE04EC0-301F-11D3-BF4B-00C04F79EFBC}") = "Assembly-CSharp-Editor-firstpass", "Assembly-CSharp-Editor-firstpass.csproj", "{6a8c7c97-b950-d0a3-06d4-544786c9c426}"
EndProject
Global
	GlobalSection(SolutionConfigurationPlatforms) = preSolution
		Debug|Any CPU = Debug|Any CPU
	EndGlobalSection
	GlobalSection(ProjectConfigurationPlatforms) = postSolution
		{8832e0ff-ce94-2671-0137-939f861d790a}.Debug|Any CPU.ActiveCfg = Debug|Any CPU
		{8832e0ff-ce94-2671-0137-939f861d790a}.Debug|Any CPU.Build.0 = Debug|Any CPU
		{5710c091-fab8-e35a-7f47-81c7cd7f3543}.Debug|Any CPU.ActiveCfg = Debug|Any CPU
		{5710c091-fab8-e35a-7f47-81c7cd7f3543}.Debug|Any CPU.Build.0 = Debug|Any CPU
		{6a8c7c97-b950-d0a3-06d4-544786c9c426}.Debug|Any CPU.ActiveCfg = Debug|Any CPU
		{6a8c7c97-b950-d0a3-06d4-544786c9c426}.Debug|Any CPU.Build.0 = Debug|Any CPU
	EndGlobalSection
	GlobalSection(SolutionProperties) = preSolution
		HideSolutionNode = FALSE
	EndGlobalSection
EndGlobal
